<?xml version="1.0" encoding="utf-8"?>
<Project ToolsVersion="4.0" xmlns="http://schemas.microsoft.com/developer/msbuild/2003">
  <ItemGroup>
    <Filter Include="src">
      <UniqueIdentifier>{9dfb51b7-57c4-4474-b0b8-b66594e91bd6}</UniqueIdentifier>
    </Filter>
    <Filter Include="_qt">
      <UniqueIdentifier>{a49b6806-1225-4c01-a733-6894933ab893}</UniqueIdentifier>
    </Filter>
    <Filter Include="thc">
      <UniqueIdentifier>{0ce27f58-97a3-40ce-be45-eed0e32c6c84}</UniqueIdentifier>
    </Filter>
  </ItemGroup>
  <ItemGroup>
    <ClCompile Include="..\src\main.cpp">
      <Filter>src</Filter>
    </ClCompile>
    <ClCompile Include="..\src\MainWindow.cpp">
      <Filter>src</Filter>
    </ClCompile>
    <ClCompile Include="..\src\Renderer.cpp">
      <Filter>src</Filter>
    </ClCompile>
    <ClCompile Include="_qt\moc_MainWindow.cpp">
      <Filter>_qt</Filter>
    </ClCompile>
    <ClCompile Include="_qt\moc_Renderer.cpp">
      <Filter>_qt</Filter>
    </ClCompile>
    <ClCompile Include="_qt\qrc_MainWindow.cpp">
      <Filter>_qt</Filter>
    </ClCompile>
    <ClCompile Include="..\..\src\ChessEngine.cpp">
      <Filter>thc</Filter>
    </ClCompile>
    <ClCompile Include="..\..\src\ChessEvaluation.cpp">
      <Filter>thc</Filter>
    </ClCompile>
    <ClCompile Include="..\..\src\ChessPosition.cpp">
      <Filter>thc</Filter>
    </ClCompile>
    <ClCompile Include="..\..\src\ChessRules.cpp">
      <Filter>thc</Filter>
    </ClCompile>
    <ClCompile Include="..\..\src\Move.cpp">
      <Filter>thc</Filter>
    </ClCompile>
    <ClCompile Include="..\..\src\Portability.cpp">
      <Filter>thc</Filter>
    </ClCompile>
    <ClCompile Include="..\..\src\PrivateChessDefs.cpp">
      <Filter>thc</Filter>
    </ClCompile>
  </ItemGroup>
  <ItemGroup>
    <QtMoItem Include="..\src\MainWindow.h">
      <Filter>src</Filter>
    </QtMoItem>
    <QtMoItem Include="..\src\Renderer.h">
      <Filter>src</Filter>
    </QtMoItem>
  </ItemGroup>
  <ItemGroup>
    <QtResItem Include="..\src\MainWindow.qrc">
      <Filter>src</Filter>
    </QtResItem>
  </ItemGroup>
  <ItemGroup>
    <QtUiItem Include="..\src\MainWindow.ui">
      <Filter>src</Filter>
    </QtUiItem>
  </ItemGroup>
  <ItemGroup>
    <ClInclude Include="..\..\src\ChessDefs.h">
      <Filter>thc</Filter>
    </ClInclude>
    <ClInclude Include="..\..\src\ChessEngine.h">
      <Filter>thc</Filter>
    </ClInclude>
    <ClInclude Include="..\..\src\ChessEvaluation.h">
      <Filter>thc</Filter>
    </ClInclude>
    <ClInclude Include="..\..\src\ChessPosition.h">
      <Filter>thc</Filter>
    </ClInclude>
    <ClInclude Include="..\..\src\ChessPositionRaw.h">
      <Filter>thc</Filter>
    </ClInclude>
    <ClInclude Include="..\..\src\ChessRules.h">
      <Filter>thc</Filter>
    </ClInclude>
    <ClInclude Include="..\..\src\DebugPrintf.h">
      <Filter>thc</Filter>
    </ClInclude>
    <ClInclude Include="..\..\src\GeneratedLookupTables.h">
      <Filter>thc</Filter>
    </ClInclude>
    <ClInclude Include="..\..\src\HashLookup.h">
      <Filter>thc</Filter>
    </ClInclude>
    <ClInclude Include="..\..\src\Move.h">
      <Filter>thc</Filter>
    </ClInclude>
    <ClInclude Include="..\..\src\Portability.h">
      <Filter>thc</Filter>
    </ClInclude>
    <ClInclude Include="..\..\src\PrivateChessDefs.h">
      <Filter>thc</Filter>
    </ClInclude>
  </ItemGroup>
</Project>